// !$*UTF8*$!
{
	archiveVersion = 1;
	classes = {
	};
	objectVersion = 46;
	objects = {

/* Begin PBXBuildFile section */
		279AAFE71FAE9415005A5341 /* KeyboardLayoutConstraint.swift in Sources */ = {isa = PBXBuildFile; fileRef = 279AAFE61FAE9415005A5341 /* KeyboardLayoutConstraint.swift */; };
		27BB40541F92BBEA00A55E45 /* style.json in Resources */ = {isa = PBXBuildFile; fileRef = 27BB40531F92BBEA00A55E45 /* style.json */; };
		27C0D2BA1F6343F600CAFCB6 /* LoginRegisterViewController.swift in Sources */ = {isa = PBXBuildFile; fileRef = 27C0D2B81F6343F600CAFCB6 /* LoginRegisterViewController.swift */; };
		27C0D2BB1F6343F600CAFCB6 /* LoginRegisterViewController.xib in Resources */ = {isa = PBXBuildFile; fileRef = 27C0D2B91F6343F600CAFCB6 /* LoginRegisterViewController.xib */; };
		27C0D2BD1F64207400CAFCB6 /* GoogleService-Info.plist in Resources */ = {isa = PBXBuildFile; fileRef = 27C0D2BC1F64207400CAFCB6 /* GoogleService-Info.plist */; };
		27E0C7601F62223B00A349C8 /* AppDelegate.swift in Sources */ = {isa = PBXBuildFile; fileRef = 27E0C75F1F62223B00A349C8 /* AppDelegate.swift */; };
		27E0C7621F62223B00A349C8 /* MapViewController.swift in Sources */ = {isa = PBXBuildFile; fileRef = 27E0C7611F62223B00A349C8 /* MapViewController.swift */; };
		27E0C7651F62223B00A349C8 /* Main.storyboard in Resources */ = {isa = PBXBuildFile; fileRef = 27E0C7631F62223B00A349C8 /* Main.storyboard */; };
		27E0C7671F62223C00A349C8 /* Assets.xcassets in Resources */ = {isa = PBXBuildFile; fileRef = 27E0C7661F62223C00A349C8 /* Assets.xcassets */; };
		27E0C76A1F62223C00A349C8 /* LaunchScreen.storyboard in Resources */ = {isa = PBXBuildFile; fileRef = 27E0C7681F62223C00A349C8 /* LaunchScreen.storyboard */; };
		27E0C7751F62223C00A349C8 /* ParkSpaceTests.swift in Sources */ = {isa = PBXBuildFile; fileRef = 27E0C7741F62223C00A349C8 /* ParkSpaceTests.swift */; };
		27E0C7801F62223C00A349C8 /* ParkSpaceUITests.swift in Sources */ = {isa = PBXBuildFile; fileRef = 27E0C77F1F62223C00A349C8 /* ParkSpaceUITests.swift */; };
		33E25C71475646E936483E19 /* Pods_ParkSpaceTests.framework in Frameworks */ = {isa = PBXBuildFile; fileRef = FB312A9A1E0E8644C0DD598F /* Pods_ParkSpaceTests.framework */; };
		62B47156F5F15FCBF36E067E /* Pods_ParkSpace.framework in Frameworks */ = {isa = PBXBuildFile; fileRef = 87913D992E33F19452DF3460 /* Pods_ParkSpace.framework */; };
		C73F58F511F2F4B3C5C61C9E /* Pods_ParkSpaceUITests.framework in Frameworks */ = {isa = PBXBuildFile; fileRef = C48041C091B643E2C703AC50 /* Pods_ParkSpaceUITests.framework */; };
		DD87C6A41F79AE5B00832D8F /* SettingsViewController.swift in Sources */ = {isa = PBXBuildFile; fileRef = DD87C6A31F79AE5B00832D8F /* SettingsViewController.swift */; };
		DD87C6A61F7A99D000832D8F /* HostViewController.swift in Sources */ = {isa = PBXBuildFile; fileRef = DD87C6A51F7A99D000832D8F /* HostViewController.swift */; };
/* End PBXBuildFile section */

/* Begin PBXContainerItemProxy section */
		27E0C7711F62223C00A349C8 /* PBXContainerItemProxy */ = {
			isa = PBXContainerItemProxy;
			containerPortal = 27E0C7541F62223B00A349C8 /* Project object */;
			proxyType = 1;
			remoteGlobalIDString = 27E0C75B1F62223B00A349C8;
			remoteInfo = ParkSpace;
		};
		27E0C77C1F62223C00A349C8 /* PBXContainerItemProxy */ = {
			isa = PBXContainerItemProxy;
			containerPortal = 27E0C7541F62223B00A349C8 /* Project object */;
			proxyType = 1;
			remoteGlobalIDString = 27E0C75B1F62223B00A349C8;
			remoteInfo = ParkSpace;
		};
/* End PBXContainerItemProxy section */

/* Begin PBXFileReference section */
		1E69A113383B21642F7AA3AE /* Pods-ParkSpaceTests.debug.xcconfig */ = {isa = PBXFileReference; includeInIndex = 1; lastKnownFileType = text.xcconfig; name = "Pods-ParkSpaceTests.debug.xcconfig"; path = "Pods/Target Support Files/Pods-ParkSpaceTests/Pods-ParkSpaceTests.debug.xcconfig"; sourceTree = "<group>"; };
		279AAFE61FAE9415005A5341 /* KeyboardLayoutConstraint.swift */ = {isa = PBXFileReference; lastKnownFileType = sourcecode.swift; path = KeyboardLayoutConstraint.swift; sourceTree = "<group>"; };
		27BB40531F92BBEA00A55E45 /* style.json */ = {isa = PBXFileReference; lastKnownFileType = text.json; path = style.json; sourceTree = "<group>"; };
		27C0D2B81F6343F600CAFCB6 /* LoginRegisterViewController.swift */ = {isa = PBXFileReference; fileEncoding = 4; lastKnownFileType = sourcecode.swift; path = LoginRegisterViewController.swift; sourceTree = "<group>"; };
		27C0D2B91F6343F600CAFCB6 /* LoginRegisterViewController.xib */ = {isa = PBXFileReference; fileEncoding = 4; lastKnownFileType = file.xib; path = LoginRegisterViewController.xib; sourceTree = "<group>"; };
		27C0D2BC1F64207400CAFCB6 /* GoogleService-Info.plist */ = {isa = PBXFileReference; fileEncoding = 4; lastKnownFileType = text.plist.xml; path = "GoogleService-Info.plist"; sourceTree = "<group>"; };
		27E0C75C1F62223B00A349C8 /* ParkSpace.app */ = {isa = PBXFileReference; explicitFileType = wrapper.application; includeInIndex = 0; path = ParkSpace.app; sourceTree = BUILT_PRODUCTS_DIR; };
		27E0C75F1F62223B00A349C8 /* AppDelegate.swift */ = {isa = PBXFileReference; lastKnownFileType = sourcecode.swift; path = AppDelegate.swift; sourceTree = "<group>"; };
		27E0C7611F62223B00A349C8 /* MapViewController.swift */ = {isa = PBXFileReference; lastKnownFileType = sourcecode.swift; path = MapViewController.swift; sourceTree = "<group>"; };
		27E0C7641F62223B00A349C8 /* Base */ = {isa = PBXFileReference; lastKnownFileType = file.storyboard; name = Base; path = Base.lproj/Main.storyboard; sourceTree = "<group>"; };
		27E0C7661F62223C00A349C8 /* Assets.xcassets */ = {isa = PBXFileReference; lastKnownFileType = folder.assetcatalog; path = Assets.xcassets; sourceTree = "<group>"; };
		27E0C7691F62223C00A349C8 /* Base */ = {isa = PBXFileReference; lastKnownFileType = file.storyboard; name = Base; path = Base.lproj/LaunchScreen.storyboard; sourceTree = "<group>"; };
		27E0C76B1F62223C00A349C8 /* Info.plist */ = {isa = PBXFileReference; lastKnownFileType = text.plist.xml; path = Info.plist; sourceTree = "<group>"; };
		27E0C7701F62223C00A349C8 /* ParkSpaceTests.xctest */ = {isa = PBXFileReference; explicitFileType = wrapper.cfbundle; includeInIndex = 0; path = ParkSpaceTests.xctest; sourceTree = BUILT_PRODUCTS_DIR; };
		27E0C7741F62223C00A349C8 /* ParkSpaceTests.swift */ = {isa = PBXFileReference; lastKnownFileType = sourcecode.swift; path = ParkSpaceTests.swift; sourceTree = "<group>"; };
		27E0C7761F62223C00A349C8 /* Info.plist */ = {isa = PBXFileReference; lastKnownFileType = text.plist.xml; path = Info.plist; sourceTree = "<group>"; };
		27E0C77B1F62223C00A349C8 /* ParkSpaceUITests.xctest */ = {isa = PBXFileReference; explicitFileType = wrapper.cfbundle; includeInIndex = 0; path = ParkSpaceUITests.xctest; sourceTree = BUILT_PRODUCTS_DIR; };
		27E0C77F1F62223C00A349C8 /* ParkSpaceUITests.swift */ = {isa = PBXFileReference; lastKnownFileType = sourcecode.swift; path = ParkSpaceUITests.swift; sourceTree = "<group>"; };
		27E0C7811F62223C00A349C8 /* Info.plist */ = {isa = PBXFileReference; lastKnownFileType = text.plist.xml; path = Info.plist; sourceTree = "<group>"; };
		2E4A1625D2900E24E6419C02 /* Pods-ParkSpace.release.xcconfig */ = {isa = PBXFileReference; includeInIndex = 1; lastKnownFileType = text.xcconfig; name = "Pods-ParkSpace.release.xcconfig"; path = "Pods/Target Support Files/Pods-ParkSpace/Pods-ParkSpace.release.xcconfig"; sourceTree = "<group>"; };
		5FF254AF6A18088DE4F6170B /* Pods-ParkSpaceUITests.release.xcconfig */ = {isa = PBXFileReference; includeInIndex = 1; lastKnownFileType = text.xcconfig; name = "Pods-ParkSpaceUITests.release.xcconfig"; path = "Pods/Target Support Files/Pods-ParkSpaceUITests/Pods-ParkSpaceUITests.release.xcconfig"; sourceTree = "<group>"; };
		6B5A76EDE9F1B70062C21CDF /* Pods-ParkSpaceTests.release.xcconfig */ = {isa = PBXFileReference; includeInIndex = 1; lastKnownFileType = text.xcconfig; name = "Pods-ParkSpaceTests.release.xcconfig"; path = "Pods/Target Support Files/Pods-ParkSpaceTests/Pods-ParkSpaceTests.release.xcconfig"; sourceTree = "<group>"; };
		87913D992E33F19452DF3460 /* Pods_ParkSpace.framework */ = {isa = PBXFileReference; explicitFileType = wrapper.framework; includeInIndex = 0; path = Pods_ParkSpace.framework; sourceTree = BUILT_PRODUCTS_DIR; };
		A52063DFD5BA315FD7BC0714 /* Pods-ParkSpace.debug.xcconfig */ = {isa = PBXFileReference; includeInIndex = 1; lastKnownFileType = text.xcconfig; name = "Pods-ParkSpace.debug.xcconfig"; path = "Pods/Target Support Files/Pods-ParkSpace/Pods-ParkSpace.debug.xcconfig"; sourceTree = "<group>"; };
		C48041C091B643E2C703AC50 /* Pods_ParkSpaceUITests.framework */ = {isa = PBXFileReference; explicitFileType = wrapper.framework; includeInIndex = 0; path = Pods_ParkSpaceUITests.framework; sourceTree = BUILT_PRODUCTS_DIR; };
		DD87C6A31F79AE5B00832D8F /* SettingsViewController.swift */ = {isa = PBXFileReference; fileEncoding = 4; lastKnownFileType = sourcecode.swift; path = SettingsViewController.swift; sourceTree = "<group>"; };
		DD87C6A51F7A99D000832D8F /* HostViewController.swift */ = {isa = PBXFileReference; fileEncoding = 4; lastKnownFileType = sourcecode.swift; path = HostViewController.swift; sourceTree = "<group>"; };
		F3A0F418D18E8A77CAC90A9A /* Pods-ParkSpaceUITests.debug.xcconfig */ = {isa = PBXFileReference; includeInIndex = 1; lastKnownFileType = text.xcconfig; name = "Pods-ParkSpaceUITests.debug.xcconfig"; path = "Pods/Target Support Files/Pods-ParkSpaceUITests/Pods-ParkSpaceUITests.debug.xcconfig"; sourceTree = "<group>"; };
		FB312A9A1E0E8644C0DD598F /* Pods_ParkSpaceTests.framework */ = {isa = PBXFileReference; explicitFileType = wrapper.framework; includeInIndex = 0; path = Pods_ParkSpaceTests.framework; sourceTree = BUILT_PRODUCTS_DIR; };
/* End PBXFileReference section */

/* Begin PBXFrameworksBuildPhase section */
		27E0C7591F62223B00A349C8 /* Frameworks */ = {
			isa = PBXFrameworksBuildPhase;
			buildActionMask = 2147483647;
			files = (
				62B47156F5F15FCBF36E067E /* Pods_ParkSpace.framework in Frameworks */,
			);
			runOnlyForDeploymentPostprocessing = 0;
		};
		27E0C76D1F62223C00A349C8 /* Frameworks */ = {
			isa = PBXFrameworksBuildPhase;
			buildActionMask = 2147483647;
			files = (
				33E25C71475646E936483E19 /* Pods_ParkSpaceTests.framework in Frameworks */,
			);
			runOnlyForDeploymentPostprocessing = 0;
		};
		27E0C7781F62223C00A349C8 /* Frameworks */ = {
			isa = PBXFrameworksBuildPhase;
			buildActionMask = 2147483647;
			files = (
				C73F58F511F2F4B3C5C61C9E /* Pods_ParkSpaceUITests.framework in Frameworks */,
			);
			runOnlyForDeploymentPostprocessing = 0;
		};
/* End PBXFrameworksBuildPhase section */

/* Begin PBXGroup section */
		1432F42261EBC0212A8AA275 /* Pods */ = {
			isa = PBXGroup;
			children = (
				A52063DFD5BA315FD7BC0714 /* Pods-ParkSpace.debug.xcconfig */,
				2E4A1625D2900E24E6419C02 /* Pods-ParkSpace.release.xcconfig */,
				1E69A113383B21642F7AA3AE /* Pods-ParkSpaceTests.debug.xcconfig */,
				6B5A76EDE9F1B70062C21CDF /* Pods-ParkSpaceTests.release.xcconfig */,
				F3A0F418D18E8A77CAC90A9A /* Pods-ParkSpaceUITests.debug.xcconfig */,
				5FF254AF6A18088DE4F6170B /* Pods-ParkSpaceUITests.release.xcconfig */,
			);
			name = Pods;
			sourceTree = "<group>";
		};
		27C0D2B71F6343C100CAFCB6 /* Supporting Files */ = {
			isa = PBXGroup;
			children = (
				27C0D2BC1F64207400CAFCB6 /* GoogleService-Info.plist */,
				27E0C75F1F62223B00A349C8 /* AppDelegate.swift */,
				27E0C7661F62223C00A349C8 /* Assets.xcassets */,
				27E0C7681F62223C00A349C8 /* LaunchScreen.storyboard */,
				27E0C76B1F62223C00A349C8 /* Info.plist */,
				27BB40531F92BBEA00A55E45 /* style.json */,
				279AAFE61FAE9415005A5341 /* KeyboardLayoutConstraint.swift */,
			);
			name = "Supporting Files";
			sourceTree = "<group>";
		};
		27E0C7531F62223B00A349C8 = {
			isa = PBXGroup;
			children = (
				27E0C75E1F62223B00A349C8 /* ParkSpace */,
				27E0C7731F62223C00A349C8 /* ParkSpaceTests */,
				27E0C77E1F62223C00A349C8 /* ParkSpaceUITests */,
				27E0C75D1F62223B00A349C8 /* Products */,
				1432F42261EBC0212A8AA275 /* Pods */,
				4605119FE8D439153E42C192 /* Frameworks */,
			);
			sourceTree = "<group>";
		};
		27E0C75D1F62223B00A349C8 /* Products */ = {
			isa = PBXGroup;
			children = (
				27E0C75C1F62223B00A349C8 /* ParkSpace.app */,
				27E0C7701F62223C00A349C8 /* ParkSpaceTests.xctest */,
				27E0C77B1F62223C00A349C8 /* ParkSpaceUITests.xctest */,
			);
			name = Products;
			sourceTree = "<group>";
		};
		27E0C75E1F62223B00A349C8 /* ParkSpace */ = {
			isa = PBXGroup;
			children = (
				27C0D2B71F6343C100CAFCB6 /* Supporting Files */,
				27E0C7631F62223B00A349C8 /* Main.storyboard */,
				27E0C7611F62223B00A349C8 /* MapViewController.swift */,
				DD87C6A51F7A99D000832D8F /* HostViewController.swift */,
				DD87C6A31F79AE5B00832D8F /* SettingsViewController.swift */,
				27C0D2B81F6343F600CAFCB6 /* LoginRegisterViewController.swift */,
				27C0D2B91F6343F600CAFCB6 /* LoginRegisterViewController.xib */,
			);
			path = ParkSpace;
			sourceTree = "<group>";
		};
		27E0C7731F62223C00A349C8 /* ParkSpaceTests */ = {
			isa = PBXGroup;
			children = (
				27E0C7741F62223C00A349C8 /* ParkSpaceTests.swift */,
				27E0C7761F62223C00A349C8 /* Info.plist */,
			);
			path = ParkSpaceTests;
			sourceTree = "<group>";
		};
		27E0C77E1F62223C00A349C8 /* ParkSpaceUITests */ = {
			isa = PBXGroup;
			children = (
				27E0C77F1F62223C00A349C8 /* ParkSpaceUITests.swift */,
				27E0C7811F62223C00A349C8 /* Info.plist */,
			);
			path = ParkSpaceUITests;
			sourceTree = "<group>";
		};
		4605119FE8D439153E42C192 /* Frameworks */ = {
			isa = PBXGroup;
			children = (
				87913D992E33F19452DF3460 /* Pods_ParkSpace.framework */,
				FB312A9A1E0E8644C0DD598F /* Pods_ParkSpaceTests.framework */,
				C48041C091B643E2C703AC50 /* Pods_ParkSpaceUITests.framework */,
			);
			name = Frameworks;
			sourceTree = "<group>";
		};
/* End PBXGroup section */

/* Begin PBXNativeTarget section */
		27E0C75B1F62223B00A349C8 /* ParkSpace */ = {
			isa = PBXNativeTarget;
			buildConfigurationList = 27E0C7841F62223C00A349C8 /* Build configuration list for PBXNativeTarget "ParkSpace" */;
			buildPhases = (
				1401938E29EFD1FAFC627468 /* [CP] Check Pods Manifest.lock */,
				27E0C7581F62223B00A349C8 /* Sources */,
				27E0C7591F62223B00A349C8 /* Frameworks */,
				27E0C75A1F62223B00A349C8 /* Resources */,
				49AA82D7E7246CEF3AF52FD6 /* [CP] Embed Pods Frameworks */,
				1BC0C2BC7C6BA5BB055E5D42 /* [CP] Copy Pods Resources */,
			);
			buildRules = (
			);
			dependencies = (
			);
			name = ParkSpace;
			productName = ParkSpace;
			productReference = 27E0C75C1F62223B00A349C8 /* ParkSpace.app */;
			productType = "com.apple.product-type.application";
		};
		27E0C76F1F62223C00A349C8 /* ParkSpaceTests */ = {
			isa = PBXNativeTarget;
			buildConfigurationList = 27E0C7871F62223C00A349C8 /* Build configuration list for PBXNativeTarget "ParkSpaceTests" */;
			buildPhases = (
				D6539763391B6B1F90FFAF64 /* [CP] Check Pods Manifest.lock */,
				27E0C76C1F62223C00A349C8 /* Sources */,
				27E0C76D1F62223C00A349C8 /* Frameworks */,
				27E0C76E1F62223C00A349C8 /* Resources */,
				21D01C39919D9F391BFFACC1 /* [CP] Embed Pods Frameworks */,
				0F32DBBEA791F77661A278C6 /* [CP] Copy Pods Resources */,
			);
			buildRules = (
			);
			dependencies = (
				27E0C7721F62223C00A349C8 /* PBXTargetDependency */,
			);
			name = ParkSpaceTests;
			productName = ParkSpaceTests;
			productReference = 27E0C7701F62223C00A349C8 /* ParkSpaceTests.xctest */;
			productType = "com.apple.product-type.bundle.unit-test";
		};
		27E0C77A1F62223C00A349C8 /* ParkSpaceUITests */ = {
			isa = PBXNativeTarget;
			buildConfigurationList = 27E0C78A1F62223C00A349C8 /* Build configuration list for PBXNativeTarget "ParkSpaceUITests" */;
			buildPhases = (
				6D4146878E423B73E2D80DCE /* [CP] Check Pods Manifest.lock */,
				27E0C7771F62223C00A349C8 /* Sources */,
				27E0C7781F62223C00A349C8 /* Frameworks */,
				27E0C7791F62223C00A349C8 /* Resources */,
				BC9E33F1A33E43A13B2E40B2 /* [CP] Embed Pods Frameworks */,
				D99C2DB026332A741C6433F3 /* [CP] Copy Pods Resources */,
			);
			buildRules = (
			);
			dependencies = (
				27E0C77D1F62223C00A349C8 /* PBXTargetDependency */,
			);
			name = ParkSpaceUITests;
			productName = ParkSpaceUITests;
			productReference = 27E0C77B1F62223C00A349C8 /* ParkSpaceUITests.xctest */;
			productType = "com.apple.product-type.bundle.ui-testing";
		};
/* End PBXNativeTarget section */

/* Begin PBXProject section */
		27E0C7541F62223B00A349C8 /* Project object */ = {
			isa = PBXProject;
			attributes = {
				LastSwiftUpdateCheck = 0830;
				LastUpgradeCheck = 0830;
				ORGANIZATIONNAME = "Mat Schmid";
				TargetAttributes = {
					27E0C75B1F62223B00A349C8 = {
						CreatedOnToolsVersion = 8.3.3;
						DevelopmentTeam = W437UJ336X;
						LastSwiftMigration = 0830;
						ProvisioningStyle = Automatic;
					};
					27E0C76F1F62223C00A349C8 = {
						CreatedOnToolsVersion = 8.3.3;
						DevelopmentTeam = BNS58ZR5ZP;
						ProvisioningStyle = Automatic;
						TestTargetID = 27E0C75B1F62223B00A349C8;
					};
					27E0C77A1F62223C00A349C8 = {
						CreatedOnToolsVersion = 8.3.3;
						DevelopmentTeam = W437UJ336X;
						ProvisioningStyle = Automatic;
						TestTargetID = 27E0C75B1F62223B00A349C8;
					};
				};
			};
			buildConfigurationList = 27E0C7571F62223B00A349C8 /* Build configuration list for PBXProject "ParkSpace" */;
			compatibilityVersion = "Xcode 3.2";
			developmentRegion = English;
			hasScannedForEncodings = 0;
			knownRegions = (
				en,
				Base,
				ar,
				ca,
				cs,
				da,
				de,
				el,
				en_GB,
				es,
				fi,
				fr,
				he,
				hr,
				hu,
				id,
				it,
				ja,
				ko,
				ms,
				nb,
				nl,
				pl,
				pt,
				pt_PT,
				ro,
				ru,
				sk,
				sv,
				th,
				tr,
				uk,
				vi,
				zh_CN,
				zh_TW,
			);
			mainGroup = 27E0C7531F62223B00A349C8;
			productRefGroup = 27E0C75D1F62223B00A349C8 /* Products */;
			projectDirPath = "";
			projectRoot = "";
			targets = (
				27E0C75B1F62223B00A349C8 /* ParkSpace */,
				27E0C76F1F62223C00A349C8 /* ParkSpaceTests */,
				27E0C77A1F62223C00A349C8 /* ParkSpaceUITests */,
			);
		};
/* End PBXProject section */

/* Begin PBXResourcesBuildPhase section */
		27E0C75A1F62223B00A349C8 /* Resources */ = {
			isa = PBXResourcesBuildPhase;
			buildActionMask = 2147483647;
			files = (
				27E0C76A1F62223C00A349C8 /* LaunchScreen.storyboard in Resources */,
				27C0D2BB1F6343F600CAFCB6 /* LoginRegisterViewController.xib in Resources */,
				27E0C7671F62223C00A349C8 /* Assets.xcassets in Resources */,
				27BB40541F92BBEA00A55E45 /* style.json in Resources */,
				27C0D2BD1F64207400CAFCB6 /* GoogleService-Info.plist in Resources */,
				27E0C7651F62223B00A349C8 /* Main.storyboard in Resources */,
			);
			runOnlyForDeploymentPostprocessing = 0;
		};
		27E0C76E1F62223C00A349C8 /* Resources */ = {
			isa = PBXResourcesBuildPhase;
			buildActionMask = 2147483647;
			files = (
			);
			runOnlyForDeploymentPostprocessing = 0;
		};
		27E0C7791F62223C00A349C8 /* Resources */ = {
			isa = PBXResourcesBuildPhase;
			buildActionMask = 2147483647;
			files = (
			);
			runOnlyForDeploymentPostprocessing = 0;
		};
/* End PBXResourcesBuildPhase section */

/* Begin PBXShellScriptBuildPhase section */
		0F32DBBEA791F77661A278C6 /* [CP] Copy Pods Resources */ = {
			isa = PBXShellScriptBuildPhase;
			buildActionMask = 2147483647;
			files = (
			);
			inputPaths = (
			);
			name = "[CP] Copy Pods Resources";
			outputPaths = (
			);
			runOnlyForDeploymentPostprocessing = 0;
			shellPath = /bin/sh;
			shellScript = "\"${SRCROOT}/Pods/Target Support Files/Pods-ParkSpaceTests/Pods-ParkSpaceTests-resources.sh\"\n";
			showEnvVarsInLog = 0;
		};
		1401938E29EFD1FAFC627468 /* [CP] Check Pods Manifest.lock */ = {
			isa = PBXShellScriptBuildPhase;
			buildActionMask = 2147483647;
			files = (
			);
			inputPaths = (
				"${PODS_PODFILE_DIR_PATH}/Podfile.lock",
				"${PODS_ROOT}/Manifest.lock",
			);
			name = "[CP] Check Pods Manifest.lock";
			outputPaths = (
				"$(DERIVED_FILE_DIR)/Pods-ParkSpace-checkManifestLockResult.txt",
			);
			runOnlyForDeploymentPostprocessing = 0;
			shellPath = /bin/sh;
			shellScript = "diff \"${PODS_PODFILE_DIR_PATH}/Podfile.lock\" \"${PODS_ROOT}/Manifest.lock\" > /dev/null\nif [ $? != 0 ] ; then\n    # print error to STDERR\n    echo \"error: The sandbox is not in sync with the Podfile.lock. Run 'pod install' or update your CocoaPods installation.\" >&2\n    exit 1\nfi\n# This output is used by Xcode 'outputs' to avoid re-running this script phase.\necho \"SUCCESS\" > \"${SCRIPT_OUTPUT_FILE_0}\"\n";
			showEnvVarsInLog = 0;
		};
		1BC0C2BC7C6BA5BB055E5D42 /* [CP] Copy Pods Resources */ = {
			isa = PBXShellScriptBuildPhase;
			buildActionMask = 2147483647;
			files = (
			);
			inputPaths = (
				"${SRCROOT}/Pods/Target Support Files/Pods-ParkSpace/Pods-ParkSpace-resources.sh",
				"${PODS_ROOT}/GoogleMaps/Maps/Frameworks/GoogleMaps.framework/Resources/GoogleMaps.bundle",
				"${PODS_ROOT}/GooglePlaces/Frameworks/GooglePlaces.framework/Resources/GooglePlaces.bundle",
			);
			name = "[CP] Copy Pods Resources";
			outputPaths = (
				"${TARGET_BUILD_DIR}/${UNLOCALIZED_RESOURCES_FOLDER_PATH}",
			);
			runOnlyForDeploymentPostprocessing = 0;
			shellPath = /bin/sh;
			shellScript = "\"${SRCROOT}/Pods/Target Support Files/Pods-ParkSpace/Pods-ParkSpace-resources.sh\"\n";
			showEnvVarsInLog = 0;
		};
		21D01C39919D9F391BFFACC1 /* [CP] Embed Pods Frameworks */ = {
			isa = PBXShellScriptBuildPhase;
			buildActionMask = 2147483647;
			files = (
			);
			inputPaths = (
			);
			name = "[CP] Embed Pods Frameworks";
			outputPaths = (
			);
			runOnlyForDeploymentPostprocessing = 0;
			shellPath = /bin/sh;
			shellScript = "\"${SRCROOT}/Pods/Target Support Files/Pods-ParkSpaceTests/Pods-ParkSpaceTests-frameworks.sh\"\n";
			showEnvVarsInLog = 0;
		};
		49AA82D7E7246CEF3AF52FD6 /* [CP] Embed Pods Frameworks */ = {
			isa = PBXShellScriptBuildPhase;
			buildActionMask = 2147483647;
			files = (
			);
			inputPaths = (
				"${SRCROOT}/Pods/Target Support Files/Pods-ParkSpace/Pods-ParkSpace-frameworks.sh",
				"${BUILT_PRODUCTS_DIR}/ChameleonFramework/ChameleonFramework.framework",
				"${BUILT_PRODUCTS_DIR}/GTMSessionFetcher/GTMSessionFetcher.framework",
				"${BUILT_PRODUCTS_DIR}/GoogleToolboxForMac/GoogleToolboxForMac.framework",
				"${BUILT_PRODUCTS_DIR}/M13Checkbox/M13Checkbox.framework",
				"${BUILT_PRODUCTS_DIR}/TextFieldEffects/TextFieldEffects.framework",
			);
			name = "[CP] Embed Pods Frameworks";
			outputPaths = (
				"${TARGET_BUILD_DIR}/${FRAMEWORKS_FOLDER_PATH}/ChameleonFramework.framework",
				"${TARGET_BUILD_DIR}/${FRAMEWORKS_FOLDER_PATH}/GTMSessionFetcher.framework",
				"${TARGET_BUILD_DIR}/${FRAMEWORKS_FOLDER_PATH}/GoogleToolboxForMac.framework",
				"${TARGET_BUILD_DIR}/${FRAMEWORKS_FOLDER_PATH}/M13Checkbox.framework",
				"${TARGET_BUILD_DIR}/${FRAMEWORKS_FOLDER_PATH}/TextFieldEffects.framework",
			);
			runOnlyForDeploymentPostprocessing = 0;
			shellPath = /bin/sh;
			shellScript = "\"${SRCROOT}/Pods/Target Support Files/Pods-ParkSpace/Pods-ParkSpace-frameworks.sh\"\n";
			showEnvVarsInLog = 0;
		};
		6D4146878E423B73E2D80DCE /* [CP] Check Pods Manifest.lock */ = {
			isa = PBXShellScriptBuildPhase;
			buildActionMask = 2147483647;
			files = (
			);
			inputPaths = (
				"${PODS_PODFILE_DIR_PATH}/Podfile.lock",
				"${PODS_ROOT}/Manifest.lock",
			);
			name = "[CP] Check Pods Manifest.lock";
			outputPaths = (
				"$(DERIVED_FILE_DIR)/Pods-ParkSpaceUITests-checkManifestLockResult.txt",
			);
			runOnlyForDeploymentPostprocessing = 0;
			shellPath = /bin/sh;
			shellScript = "diff \"${PODS_PODFILE_DIR_PATH}/Podfile.lock\" \"${PODS_ROOT}/Manifest.lock\" > /dev/null\nif [ $? != 0 ] ; then\n    # print error to STDERR\n    echo \"error: The sandbox is not in sync with the Podfile.lock. Run 'pod install' or update your CocoaPods installation.\" >&2\n    exit 1\nfi\n# This output is used by Xcode 'outputs' to avoid re-running this script phase.\necho \"SUCCESS\" > \"${SCRIPT_OUTPUT_FILE_0}\"\n";
			showEnvVarsInLog = 0;
		};
		BC9E33F1A33E43A13B2E40B2 /* [CP] Embed Pods Frameworks */ = {
			isa = PBXShellScriptBuildPhase;
			buildActionMask = 2147483647;
			files = (
			);
			inputPaths = (
			);
			name = "[CP] Embed Pods Frameworks";
			outputPaths = (
			);
			runOnlyForDeploymentPostprocessing = 0;
			shellPath = /bin/sh;
			shellScript = "\"${SRCROOT}/Pods/Target Support Files/Pods-ParkSpaceUITests/Pods-ParkSpaceUITests-frameworks.sh\"\n";
			showEnvVarsInLog = 0;
		};
		D6539763391B6B1F90FFAF64 /* [CP] Check Pods Manifest.lock */ = {
			isa = PBXShellScriptBuildPhase;
			buildActionMask = 2147483647;
			files = (
			);
			inputPaths = (
				"${PODS_PODFILE_DIR_PATH}/Podfile.lock",
				"${PODS_ROOT}/Manifest.lock",
			);
			name = "[CP] Check Pods Manifest.lock";
			outputPaths = (
				"$(DERIVED_FILE_DIR)/Pods-ParkSpaceTests-checkManifestLockResult.txt",
			);
			runOnlyForDeploymentPostprocessing = 0;
			shellPath = /bin/sh;
			shellScript = "diff \"${PODS_PODFILE_DIR_PATH}/Podfile.lock\" \"${PODS_ROOT}/Manifest.lock\" > /dev/null\nif [ $? != 0 ] ; then\n    # print error to STDERR\n    echo \"error: The sandbox is not in sync with the Podfile.lock. Run 'pod install' or update your CocoaPods installation.\" >&2\n    exit 1\nfi\n# This output is used by Xcode 'outputs' to avoid re-running this script phase.\necho \"SUCCESS\" > \"${SCRIPT_OUTPUT_FILE_0}\"\n";
			showEnvVarsInLog = 0;
		};
		D99C2DB026332A741C6433F3 /* [CP] Copy Pods Resources */ = {
			isa = PBXShellScriptBuildPhase;
			buildActionMask = 2147483647;
			files = (
			);
			inputPaths = (
			);
			name = "[CP] Copy Pods Resources";
			outputPaths = (
			);
			runOnlyForDeploymentPostprocessing = 0;
			shellPath = /bin/sh;
			shellScript = "\"${SRCROOT}/Pods/Target Support Files/Pods-ParkSpaceUITests/Pods-ParkSpaceUITests-resources.sh\"\n";
			showEnvVarsInLog = 0;
		};
/* End PBXShellScriptBuildPhase section */

/* Begin PBXSourcesBuildPhase section */
		27E0C7581F62223B00A349C8 /* Sources */ = {
			isa = PBXSourcesBuildPhase;
			buildActionMask = 2147483647;
			files = (
				27C0D2BA1F6343F600CAFCB6 /* LoginRegisterViewController.swift in Sources */,
				27E0C7621F62223B00A349C8 /* MapViewController.swift in Sources */,
				279AAFE71FAE9415005A5341 /* KeyboardLayoutConstraint.swift in Sources */,
				27E0C7601F62223B00A349C8 /* AppDelegate.swift in Sources */,
				DD87C6A61F7A99D000832D8F /* HostViewController.swift in Sources */,
				DD87C6A41F79AE5B00832D8F /* SettingsViewController.swift in Sources */,
			);
			runOnlyForDeploymentPostprocessing = 0;
		};
		27E0C76C1F62223C00A349C8 /* Sources */ = {
			isa = PBXSourcesBuildPhase;
			buildActionMask = 2147483647;
			files = (
				27E0C7751F62223C00A349C8 /* ParkSpaceTests.swift in Sources */,
			);
			runOnlyForDeploymentPostprocessing = 0;
		};
		27E0C7771F62223C00A349C8 /* Sources */ = {
			isa = PBXSourcesBuildPhase;
			buildActionMask = 2147483647;
			files = (
				27E0C7801F62223C00A349C8 /* ParkSpaceUITests.swift in Sources */,
			);
			runOnlyForDeploymentPostprocessing = 0;
		};
/* End PBXSourcesBuildPhase section */

/* Begin PBXTargetDependency section */
		27E0C7721F62223C00A349C8 /* PBXTargetDependency */ = {
			isa = PBXTargetDependency;
			target = 27E0C75B1F62223B00A349C8 /* ParkSpace */;
			targetProxy = 27E0C7711F62223C00A349C8 /* PBXContainerItemProxy */;
		};
		27E0C77D1F62223C00A349C8 /* PBXTargetDependency */ = {
			isa = PBXTargetDependency;
			target = 27E0C75B1F62223B00A349C8 /* ParkSpace */;
			targetProxy = 27E0C77C1F62223C00A349C8 /* PBXContainerItemProxy */;
		};
/* End PBXTargetDependency section */

/* Begin PBXVariantGroup section */
		27E0C7631F62223B00A349C8 /* Main.storyboard */ = {
			isa = PBXVariantGroup;
			children = (
				27E0C7641F62223B00A349C8 /* Base */,
			);
			name = Main.storyboard;
			sourceTree = "<group>";
		};
		27E0C7681F62223C00A349C8 /* LaunchScreen.storyboard */ = {
			isa = PBXVariantGroup;
			children = (
				27E0C7691F62223C00A349C8 /* Base */,
			);
			name = LaunchScreen.storyboard;
			sourceTree = "<group>";
		};
/* End PBXVariantGroup section */

/* Begin XCBuildConfiguration section */
		27E0C7821F62223C00A349C8 /* Debug */ = {
			isa = XCBuildConfiguration;
			buildSettings = {
				ALWAYS_SEARCH_USER_PATHS = NO;
				CLANG_ANALYZER_NONNULL = YES;
				CLANG_ANALYZER_NUMBER_OBJECT_CONVERSION = YES_AGGRESSIVE;
				CLANG_CXX_LANGUAGE_STANDARD = "gnu++0x";
				CLANG_CXX_LIBRARY = "libc++";
				CLANG_ENABLE_MODULES = YES;
				CLANG_ENABLE_OBJC_ARC = YES;
				CLANG_WARN_BOOL_CONVERSION = YES;
				CLANG_WARN_CONSTANT_CONVERSION = YES;
				CLANG_WARN_DIRECT_OBJC_ISA_USAGE = YES_ERROR;
				CLANG_WARN_DOCUMENTATION_COMMENTS = YES;
				CLANG_WARN_EMPTY_BODY = YES;
				CLANG_WARN_ENUM_CONVERSION = YES;
				CLANG_WARN_INFINITE_RECURSION = YES;
				CLANG_WARN_INT_CONVERSION = YES;
				CLANG_WARN_OBJC_ROOT_CLASS = YES_ERROR;
				CLANG_WARN_SUSPICIOUS_MOVE = YES;
				CLANG_WARN_UNREACHABLE_CODE = YES;
				CLANG_WARN__DUPLICATE_METHOD_MATCH = YES;
				"CODE_SIGN_IDENTITY[sdk=iphoneos*]" = "iPhone Developer";
				COPY_PHASE_STRIP = NO;
				DEBUG_INFORMATION_FORMAT = dwarf;
				ENABLE_STRICT_OBJC_MSGSEND = YES;
				ENABLE_TESTABILITY = YES;
				GCC_C_LANGUAGE_STANDARD = gnu99;
				GCC_DYNAMIC_NO_PIC = NO;
				GCC_NO_COMMON_BLOCKS = YES;
				GCC_OPTIMIZATION_LEVEL = 0;
				GCC_PREPROCESSOR_DEFINITIONS = (
					"DEBUG=1",
					"$(inherited)",
				);
				GCC_WARN_64_TO_32_BIT_CONVERSION = YES;
				GCC_WARN_ABOUT_RETURN_TYPE = YES_ERROR;
				GCC_WARN_UNDECLARED_SELECTOR = YES;
				GCC_WARN_UNINITIALIZED_AUTOS = YES_AGGRESSIVE;
				GCC_WARN_UNUSED_FUNCTION = YES;
				GCC_WARN_UNUSED_VARIABLE = YES;
				IPHONEOS_DEPLOYMENT_TARGET = 10.3;
				MTL_ENABLE_DEBUG_INFO = YES;
				ONLY_ACTIVE_ARCH = YES;
				SDKROOT = iphoneos;
				SWIFT_ACTIVE_COMPILATION_CONDITIONS = DEBUG;
				SWIFT_OPTIMIZATION_LEVEL = "-Onone";
				TARGETED_DEVICE_FAMILY = "1,2";
			};
			name = Debug;
		};
		27E0C7831F62223C00A349C8 /* Release */ = {
			isa = XCBuildConfiguration;
			buildSettings = {
				ALWAYS_SEARCH_USER_PATHS = NO;
				CLANG_ANALYZER_NONNULL = YES;
				CLANG_ANALYZER_NUMBER_OBJECT_CONVERSION = YES_AGGRESSIVE;
				CLANG_CXX_LANGUAGE_STANDARD = "gnu++0x";
				CLANG_CXX_LIBRARY = "libc++";
				CLANG_ENABLE_MODULES = YES;
				CLANG_ENABLE_OBJC_ARC = YES;
				CLANG_WARN_BOOL_CONVERSION = YES;
				CLANG_WARN_CONSTANT_CONVERSION = YES;
				CLANG_WARN_DIRECT_OBJC_ISA_USAGE = YES_ERROR;
				CLANG_WARN_DOCUMENTATION_COMMENTS = YES;
				CLANG_WARN_EMPTY_BODY = YES;
				CLANG_WARN_ENUM_CONVERSION = YES;
				CLANG_WARN_INFINITE_RECURSION = YES;
				CLANG_WARN_INT_CONVERSION = YES;
				CLANG_WARN_OBJC_ROOT_CLASS = YES_ERROR;
				CLANG_WARN_SUSPICIOUS_MOVE = YES;
				CLANG_WARN_UNREACHABLE_CODE = YES;
				CLANG_WARN__DUPLICATE_METHOD_MATCH = YES;
				"CODE_SIGN_IDENTITY[sdk=iphoneos*]" = "iPhone Developer";
				COPY_PHASE_STRIP = NO;
				DEBUG_INFORMATION_FORMAT = "dwarf-with-dsym";
				ENABLE_NS_ASSERTIONS = NO;
				ENABLE_STRICT_OBJC_MSGSEND = YES;
				GCC_C_LANGUAGE_STANDARD = gnu99;
				GCC_NO_COMMON_BLOCKS = YES;
				GCC_WARN_64_TO_32_BIT_CONVERSION = YES;
				GCC_WARN_ABOUT_RETURN_TYPE = YES_ERROR;
				GCC_WARN_UNDECLARED_SELECTOR = YES;
				GCC_WARN_UNINITIALIZED_AUTOS = YES_AGGRESSIVE;
				GCC_WARN_UNUSED_FUNCTION = YES;
				GCC_WARN_UNUSED_VARIABLE = YES;
				IPHONEOS_DEPLOYMENT_TARGET = 10.3;
				MTL_ENABLE_DEBUG_INFO = NO;
				SDKROOT = iphoneos;
				SWIFT_OPTIMIZATION_LEVEL = "-Owholemodule";
				TARGETED_DEVICE_FAMILY = "1,2";
				VALIDATE_PRODUCT = YES;
			};
			name = Release;
		};
		27E0C7851F62223C00A349C8 /* Debug */ = {
			isa = XCBuildConfiguration;
			baseConfigurationReference = A52063DFD5BA315FD7BC0714 /* Pods-ParkSpace.debug.xcconfig */;
			buildSettings = {
				ASSETCATALOG_COMPILER_APPICON_NAME = AppIcon;
				CLANG_ENABLE_MODULES = YES;
				DEVELOPMENT_TEAM = W437UJ336X;
				INFOPLIST_FILE = ParkSpace/Info.plist;
				IPHONEOS_DEPLOYMENT_TARGET = 10.3;
				LD_RUNPATH_SEARCH_PATHS = "$(inherited) @executable_path/Frameworks";
				PRODUCT_BUNDLE_IDENTIFIER = com.foopert.ParkSpace;
				PRODUCT_NAME = "$(TARGET_NAME)";
				SWIFT_OBJC_BRIDGING_HEADER = "";
				SWIFT_OPTIMIZATION_LEVEL = "-Onone";
				SWIFT_VERSION = 3.0;
			};
			name = Debug;
		};
		27E0C7861F62223C00A349C8 /* Release */ = {
			isa = XCBuildConfiguration;
			baseConfigurationReference = 2E4A1625D2900E24E6419C02 /* Pods-ParkSpace.release.xcconfig */;
			buildSettings = {
				ASSETCATALOG_COMPILER_APPICON_NAME = AppIcon;
				CLANG_ENABLE_MODULES = YES;
				DEVELOPMENT_TEAM = W437UJ336X;
				INFOPLIST_FILE = ParkSpace/Info.plist;
				IPHONEOS_DEPLOYMENT_TARGET = 10.3;
				LD_RUNPATH_SEARCH_PATHS = "$(inherited) @executable_path/Frameworks";
				PRODUCT_BUNDLE_IDENTIFIER = com.foopert.ParkSpace;
				PRODUCT_NAME = "$(TARGET_NAME)";
				SWIFT_OBJC_BRIDGING_HEADER = "";
				SWIFT_VERSION = 3.0;
			};
			name = Release;
		};
		27E0C7881F62223C00A349C8 /* Debug */ = {
			isa = XCBuildConfiguration;
			baseConfigurationReference = 1E69A113383B21642F7AA3AE /* Pods-ParkSpaceTests.debug.xcconfig */;
			buildSettings = {
				ALWAYS_EMBED_SWIFT_STANDARD_LIBRARIES = YES;
				BUNDLE_LOADER = "$(TEST_HOST)";
				DEVELOPMENT_TEAM = BNS58ZR5ZP;
				INFOPLIST_FILE = ParkSpaceTests/Info.plist;
				LD_RUNPATH_SEARCH_PATHS = "$(inherited) @executable_path/Frameworks @loader_path/Frameworks";
				PRODUCT_BUNDLE_IDENTIFIER = com.matschmid.ParkSpaceTests;
				PRODUCT_NAME = "$(TARGET_NAME)";
				SWIFT_VERSION = 3.0;
				TEST_HOST = "$(BUILT_PRODUCTS_DIR)/ParkSpace.app/ParkSpace";
			};
			name = Debug;
		};
		27E0C7891F62223C00A349C8 /* Release */ = {
			isa = XCBuildConfiguration;
			baseConfigurationReference = 6B5A76EDE9F1B70062C21CDF /* Pods-ParkSpaceTests.release.xcconfig */;
			buildSettings = {
				ALWAYS_EMBED_SWIFT_STANDARD_LIBRARIES = YES;
				BUNDLE_LOADER = "$(TEST_HOST)";
				DEVELOPMENT_TEAM = BNS58ZR5ZP;
				INFOPLIST_FILE = ParkSpaceTests/Info.plist;
				LD_RUNPATH_SEARCH_PATHS = "$(inherited) @executable_path/Frameworks @loader_path/Frameworks";
				PRODUCT_BUNDLE_IDENTIFIER = com.matschmid.ParkSpaceTests;
				PRODUCT_NAME = "$(TARGET_NAME)";
				SWIFT_VERSION = 3.0;
				TEST_HOST = "$(BUILT_PRODUCTS_DIR)/ParkSpace.app/ParkSpace";
			};
			name = Release;
		};
		27E0C78B1F62223C00A349C8 /* Debug */ = {
			isa = XCBuildConfiguration;
			baseConfigurationReference = F3A0F418D18E8A77CAC90A9A /* Pods-ParkSpaceUITests.debug.xcconfig */;
			buildSettings = {
				ALWAYS_EMBED_SWIFT_STANDARD_LIBRARIES = YES;
				DEVELOPMENT_TEAM = W437UJ336X;
				INFOPLIST_FILE = ParkSpaceUITests/Info.plist;
				LD_RUNPATH_SEARCH_PATHS = "$(inherited) @executable_path/Frameworks @loader_path/Frameworks";
				PRODUCT_BUNDLE_IDENTIFIER = com.matschmid.ParkSpaceUITests;
				PRODUCT_NAME = "$(TARGET_NAME)";
				SWIFT_VERSION = 3.0;
				TEST_TARGET_NAME = ParkSpace;
			};
			name = Debug;
		};
		27E0C78C1F62223C00A349C8 /* Release */ = {
			isa = XCBuildConfiguration;
			baseConfigurationReference = 5FF254AF6A18088DE4F6170B /* Pods-ParkSpaceUITests.release.xcconfig */;
			buildSettings = {
				ALWAYS_EMBED_SWIFT_STANDARD_LIBRARIES = YES;
				DEVELOPMENT_TEAM = W437UJ336X;
				INFOPLIST_FILE = ParkSpaceUITests/Info.plist;
				LD_RUNPATH_SEARCH_PATHS = "$(inherited) @executable_path/Frameworks @loader_path/Frameworks";
				PRODUCT_BUNDLE_IDENTIFIER = com.matschmid.ParkSpaceUITests;
				PRODUCT_NAME = "$(TARGET_NAME)";
				SWIFT_VERSION = 3.0;
				TEST_TARGET_NAME = ParkSpace;
			};
			name = Release;
		};
/* End XCBuildConfiguration section */

/* Begin XCConfigurationList section */
		27E0C7571F62223B00A349C8 /* Build configuration list for PBXProject "ParkSpace" */ = {
			isa = XCConfigurationList;
			buildConfigurations = (
				27E0C7821F62223C00A349C8 /* Debug */,
				27E0C7831F62223C00A349C8 /* Release */,
			);
			defaultConfigurationIsVisible = 0;
			defaultConfigurationName = Release;
		};
		27E0C7841F62223C00A349C8 /* Build configuration list for PBXNativeTarget "ParkSpace" */ = {
			isa = XCConfigurationList;
			buildConfigurations = (
				27E0C7851F62223C00A349C8 /* Debug */,
				27E0C7861F62223C00A349C8 /* Release */,
			);
			defaultConfigurationIsVisible = 0;
			defaultConfigurationName = Release;
		};
		27E0C7871F62223C00A349C8 /* Build configuration list for PBXNativeTarget "ParkSpaceTests" */ = {
			isa = XCConfigurationList;
			buildConfigurations = (
				27E0C7881F62223C00A349C8 /* Debug */,
				27E0C7891F62223C00A349C8 /* Release */,
			);
			defaultConfigurationIsVisible = 0;
			defaultConfigurationName = Release;
		};
		27E0C78A1F62223C00A349C8 /* Build configuration list for PBXNativeTarget "ParkSpaceUITests" */ = {
			isa = XCConfigurationList;
			buildConfigurations = (
				27E0C78B1F62223C00A349C8 /* Debug */,
				27E0C78C1F62223C00A349C8 /* Release */,
			);
			defaultConfigurationIsVisible = 0;
			defaultConfigurationName = Release;
		};
/* End XCConfigurationList section */
	};
	rootObject = 27E0C7541F62223B00A349C8 /* Project object */;
}
